// !$*UTF8*$!
{
	archiveVersion = 1;
	classes = {
	};
	objectVersion = 50;
	objects = {

/* Begin PBXBuildFile section */
		CFA8BA91239E6879002247EE /* AppDelegate.swift in Sources */ = {isa = PBXBuildFile; fileRef = CFA8BA90239E6879002247EE /* AppDelegate.swift */; };
		CFA8BA93239E6879002247EE /* SceneDelegate.swift in Sources */ = {isa = PBXBuildFile; fileRef = CFA8BA92239E6879002247EE /* SceneDelegate.swift */; };
		CFA8BA95239E6879002247EE /* ViewController.swift in Sources */ = {isa = PBXBuildFile; fileRef = CFA8BA94239E6879002247EE /* ViewController.swift */; };
		CFA8BA98239E6879002247EE /* Main.storyboard in Resources */ = {isa = PBXBuildFile; fileRef = CFA8BA96239E6879002247EE /* Main.storyboard */; };
		CFA8BA9A239E687C002247EE /* Assets.xcassets in Resources */ = {isa = PBXBuildFile; fileRef = CFA8BA99239E687C002247EE /* Assets.xcassets */; };
		CFA8BA9D239E687C002247EE /* LaunchScreen.storyboard in Resources */ = {isa = PBXBuildFile; fileRef = CFA8BA9B239E687C002247EE /* LaunchScreen.storyboard */; };
		CFA8BAA5239E6C35002247EE /* NewsTableViewCell.swift in Sources */ = {isa = PBXBuildFile; fileRef = CFA8BAA4239E6C35002247EE /* NewsTableViewCell.swift */; };
		CFA8BAA7239E77B1002247EE /* NewsViewController.swift in Sources */ = {isa = PBXBuildFile; fileRef = CFA8BAA6239E77B1002247EE /* NewsViewController.swift */; };
		CFA8BAAA239E85A5002247EE /* NetworkManager.swift in Sources */ = {isa = PBXBuildFile; fileRef = CFA8BAA9239E85A4002247EE /* NetworkManager.swift */; };
/* End PBXBuildFile section */

/* Begin PBXFileReference section */
		CFA8BA8D239E6879002247EE /* News.app */ = {isa = PBXFileReference; explicitFileType = wrapper.application; includeInIndex = 0; path = News.app; sourceTree = BUILT_PRODUCTS_DIR; };
		CFA8BA90239E6879002247EE /* AppDelegate.swift */ = {isa = PBXFileReference; lastKnownFileType = sourcecode.swift; path = AppDelegate.swift; sourceTree = "<group>"; };
		CFA8BA92239E6879002247EE /* SceneDelegate.swift */ = {isa = PBXFileReference; lastKnownFileType = sourcecode.swift; path = SceneDelegate.swift; sourceTree = "<group>"; };
		CFA8BA94239E6879002247EE /* ViewController.swift */ = {isa = PBXFileReference; lastKnownFileType = sourcecode.swift; path = ViewController.swift; sourceTree = "<group>"; };
		CFA8BA97239E6879002247EE /* Base */ = {isa = PBXFileReference; lastKnownFileType = file.storyboard; name = Base; path = Base.lproj/Main.storyboard; sourceTree = "<group>"; };
		CFA8BA99239E687C002247EE /* Assets.xcassets */ = {isa = PBXFileReference; lastKnownFileType = folder.assetcatalog; path = Assets.xcassets; sourceTree = "<group>"; };
		CFA8BA9C239E687C002247EE /* Base */ = {isa = PBXFileReference; lastKnownFileType = file.storyboard; name = Base; path = Base.lproj/LaunchScreen.storyboard; sourceTree = "<group>"; };
		CFA8BA9E239E687C002247EE /* Info.plist */ = {isa = PBXFileReference; lastKnownFileType = text.plist.xml; path = Info.plist; sourceTree = "<group>"; };
		CFA8BAA4239E6C35002247EE /* NewsTableViewCell.swift */ = {isa = PBXFileReference; lastKnownFileType = sourcecode.swift; path = NewsTableViewCell.swift; sourceTree = "<group>"; };
		CFA8BAA6239E77B1002247EE /* NewsViewController.swift */ = {isa = PBXFileReference; lastKnownFileType = sourcecode.swift; path = NewsViewController.swift; sourceTree = "<group>"; };
		CFA8BAA9239E85A4002247EE /* NetworkManager.swift */ = {isa = PBXFileReference; lastKnownFileType = sourcecode.swift; path = NetworkManager.swift; sourceTree = "<group>"; };
/* End PBXFileReference section */

/* Begin PBXFrameworksBuildPhase section */
		CFA8BA8A239E6879002247EE /* Frameworks */ = {
			isa = PBXFrameworksBuildPhase;
			buildActionMask = 2147483647;
			files = (
			);
			runOnlyForDeploymentPostprocessing = 0;
		};
/* End PBXFrameworksBuildPhase section */

/* Begin PBXGroup section */
		CFA8BA84239E6879002247EE = {
			isa = PBXGroup;
			children = (
				CFA8BA8F239E6879002247EE /* News */,
				CFA8BA8E239E6879002247EE /* Products */,
			);
			sourceTree = "<group>";
		};
		CFA8BA8E239E6879002247EE /* Products */ = {
			isa = PBXGroup;
			children = (
				CFA8BA8D239E6879002247EE /* News.app */,
			);
			name = Products;
			sourceTree = "<group>";
		};
		CFA8BA8F239E6879002247EE /* News */ = {
			isa = PBXGroup;
			children = (
				CFA8BA90239E6879002247EE /* AppDelegate.swift */,
				CFA8BAA9239E85A4002247EE /* NetworkManager.swift */,
				CFA8BA92239E6879002247EE /* SceneDelegate.swift */,
				CFA8BA96239E6879002247EE /* Main.storyboard */,
				CFA8BAA8239E7A0C002247EE /* NewsList */,
				CFA8BAA6239E77B1002247EE /* NewsViewController.swift */,
				CFA8BA99239E687C002247EE /* Assets.xcassets */,
				CFA8BA9B239E687C002247EE /* LaunchScreen.storyboard */,
				CFA8BA9E239E687C002247EE /* Info.plist */,
			);
			path = News;
			sourceTree = "<group>";
		};
		CFA8BAA8239E7A0C002247EE /* NewsList */ = {
			isa = PBXGroup;
			children = (
				CFA8BA94239E6879002247EE /* ViewController.swift */,
				CFA8BAA4239E6C35002247EE /* NewsTableViewCell.swift */,
			);
			path = NewsList;
			sourceTree = "<group>";
		};
/* End PBXGroup section */

/* Begin PBXNativeTarget section */
		CFA8BA8C239E6879002247EE /* News */ = {
			isa = PBXNativeTarget;
			buildConfigurationList = CFA8BAA1239E687C002247EE /* Build configuration list for PBXNativeTarget "News" */;
			buildPhases = (
				CFA8BA89239E6879002247EE /* Sources */,
				CFA8BA8A239E6879002247EE /* Frameworks */,
				CFA8BA8B239E6879002247EE /* Resources */,
			);
			buildRules = (
			);
			dependencies = (
			);
			name = News;
			productName = News;
			productReference = CFA8BA8D239E6879002247EE /* News.app */;
			productType = "com.apple.product-type.application";
		};
/* End PBXNativeTarget section */

/* Begin PBXProject section */
		CFA8BA85239E6879002247EE /* Project object */ = {
			isa = PBXProject;
			attributes = {
				LastSwiftUpdateCheck = 1110;
				LastUpgradeCheck = 1110;
				ORGANIZATIONNAME = com.vkravets;
				TargetAttributes = {
					CFA8BA8C239E6879002247EE = {
						CreatedOnToolsVersion = 11.1;
					};
				};
			};
			buildConfigurationList = CFA8BA88239E6879002247EE /* Build configuration list for PBXProject "News" */;
			compatibilityVersion = "Xcode 9.3";
			developmentRegion = en;
			hasScannedForEncodings = 0;
			knownRegions = (
				en,
				Base,
			);
			mainGroup = CFA8BA84239E6879002247EE;
			productRefGroup = CFA8BA8E239E6879002247EE /* Products */;
			projectDirPath = "";
			projectRoot = "";
			targets = (
				CFA8BA8C239E6879002247EE /* News */,
			);
		};
/* End PBXProject section */

/* Begin PBXResourcesBuildPhase section */
		CFA8BA8B239E6879002247EE /* Resources */ = {
			isa = PBXResourcesBuildPhase;
			buildActionMask = 2147483647;
			files = (
				CFA8BA9D239E687C002247EE /* LaunchScreen.storyboard in Resources */,
				CFA8BA9A239E687C002247EE /* Assets.xcassets in Resources */,
				CFA8BA98239E6879002247EE /* Main.storyboard in Resources */,
			);
			runOnlyForDeploymentPostprocessing = 0;
		};
/* End PBXResourcesBuildPhase section */

/* Begin PBXSourcesBuildPhase section */
		CFA8BA89239E6879002247EE /* Sources */ = {
			isa = PBXSourcesBuildPhase;
			buildActionMask = 2147483647;
			files = (
				CFA8BAAA239E85A5002247EE /* NetworkManager.swift in Sources */,
				CFA8BA95239E6879002247EE /* ViewController.swift in Sources */,
				CFA8BA91239E6879002247EE /* AppDelegate.swift in Sources */,
				CFA8BAA5239E6C35002247EE /* NewsTableViewCell.swift in Sources */,
				CFA8BAA7239E77B1002247EE /* NewsViewController.swift in Sources */,
				CFA8BA93239E6879002247EE /* SceneDelegate.swift in Sources */,
			);
			runOnlyForDeploymentPostprocessing = 0;
		};
/* End PBXSourcesBuildPhase section */

/* Begin PBXVariantGroup section */
		CFA8BA96239E6879002247EE /* Main.storyboard */ = {
			isa = PBXVariantGroup;
			children = (
				CFA8BA97239E6879002247EE /* Base */,
			);
			name = Main.storyboard;
			sourceTree = "<group>";
		};
		CFA8BA9B239E687C002247EE /* LaunchScreen.storyboard */ = {
			isa = PBXVariantGroup;
			children = (
				CFA8BA9C239E687C002247EE /* Base */,
			);
			name = LaunchScreen.storyboard;
			sourceTree = "<group>";
		};
/* End PBXVariantGroup section */

/* Begin XCBuildConfiguration section */
		CFA8BA9F239E687C002247EE /* Debug */ = {
			isa = XCBuildConfiguration;
			buildSettings = {
				ALWAYS_SEARCH_USER_PATHS = NO;
				CLANG_ANALYZER_NONNULL = YES;
				CLANG_ANALYZER_NUMBER_OBJECT_CONVERSION = YES_AGGRESSIVE;
				CLANG_CXX_LANGUAGE_STANDARD = "gnu++14";
				CLANG_CXX_LIBRARY = "libc++";
				CLANG_ENABLE_MODULES = YES;
				CLANG_ENABLE_OBJC_ARC = YES;
				CLANG_ENABLE_OBJC_WEAK = YES;
				CLANG_WARN_BLOCK_CAPTURE_AUTORELEASING = YES;
				CLANG_WARN_BOOL_CONVERSION = YES;
				CLANG_WARN_COMMA = YES;
				CLANG_WARN_CONSTANT_CONVERSION = YES;
				CLANG_WARN_DEPRECATED_OBJC_IMPLEMENTATIONS = YES;
				CLANG_WARN_DIRECT_OBJC_ISA_USAGE = YES_ERROR;
				CLANG_WARN_DOCUMENTATION_COMMENTS = YES;
				CLANG_WARN_EMPTY_BODY = YES;
				CLANG_WARN_ENUM_CONVERSION = YES;
				CLANG_WARN_INFINITE_RECURSION = YES;
				CLANG_WARN_INT_CONVERSION = YES;
				CLANG_WARN_NON_LITERAL_NULL_CONVERSION = YES;
				CLANG_WARN_OBJC_IMPLICIT_RETAIN_SELF = YES;
				CLANG_WARN_OBJC_LITERAL_CONVERSION = YES;
				CLANG_WARN_OBJC_ROOT_CLASS = YES_ERROR;
				CLANG_WARN_RANGE_LOOP_ANALYSIS = YES;
				CLANG_WARN_STRICT_PROTOTYPES = YES;
				CLANG_WARN_SUSPICIOUS_MOVE = YES;
				CLANG_WARN_UNGUARDED_AVAILABILITY = YES_AGGRESSIVE;
				CLANG_WARN_UNREACHABLE_CODE = YES;
				CLANG_WARN__DUPLICATE_METHOD_MATCH = YES;
				COPY_PHASE_STRIP = NO;
				DEBUG_INFORMATION_FORMAT = dwarf;
				ENABLE_STRICT_OBJC_MSGSEND = YES;
				ENABLE_TESTABILITY = YES;
				GCC_C_LANGUAGE_STANDARD = gnu11;
				GCC_DYNAMIC_NO_PIC = NO;
				GCC_NO_COMMON_BLOCKS = YES;
				GCC_OPTIMIZATION_LEVEL = 0;
				GCC_PREPROCESSOR_DEFINITIONS = (
					"DEBUG=1",
					"$(inherited)",
				);
				GCC_WARN_64_TO_32_BIT_CONVERSION = YES;
				GCC_WARN_ABOUT_RETURN_TYPE = YES_ERROR;
				GCC_WARN_UNDECLARED_SELECTOR = YES;
				GCC_WARN_UNINITIALIZED_AUTOS = YES_AGGRESSIVE;
				GCC_WARN_UNUSED_FUNCTION = YES;
				GCC_WARN_UNUSED_VARIABLE = YES;
				IPHONEOS_DEPLOYMENT_TARGET = 13.1;
				MTL_ENABLE_DEBUG_INFO = INCLUDE_SOURCE;
				MTL_FAST_MATH = YES;
				ONLY_ACTIVE_ARCH = YES;
				SDKROOT = iphoneos;
				SWIFT_ACTIVE_COMPILATION_CONDITIONS = DEBUG;
				SWIFT_OPTIMIZATION_LEVEL = "-Onone";
			};
			name = Debug;
		};
		CFA8BAA0239E687C002247EE /* Release */ = {
			isa = XCBuildConfiguration;
			buildSettings = {
				ALWAYS_SEARCH_USER_PATHS = NO;
				CLANG_ANALYZER_NONNULL = YES;
				CLANG_ANALYZER_NUMBER_OBJECT_CONVERSION = YES_AGGRESSIVE;
				CLANG_CXX_LANGUAGE_STANDARD = "gnu++14";
				CLANG_CXX_LIBRARY = "libc++";
				CLANG_ENABLE_MODULES = YES;
				CLANG_ENABLE_OBJC_ARC = YES;
				CLANG_ENABLE_OBJC_WEAK = YES;
				CLANG_WARN_BLOCK_CAPTURE_AUTORELEASING = YES;
				CLANG_WARN_BOOL_CONVERSION = YES;
				CLANG_WARN_COMMA = YES;
				CLANG_WARN_CONSTANT_CONVERSION = YES;
				CLANG_WARN_DEPRECATED_OBJC_IMPLEMENTATIONS = YES;
				CLANG_WARN_DIRECT_OBJC_ISA_USAGE = YES_ERROR;
				CLANG_WARN_DOCUMENTATION_COMMENTS = YES;
				CLANG_WARN_EMPTY_BODY = YES;
				CLANG_WARN_ENUM_CONVERSION = YES;
				CLANG_WARN_INFINITE_RECURSION = YES;
				CLANG_WARN_INT_CONVERSION = YES;
				CLANG_WARN_NON_LITERAL_NULL_CONVERSION = YES;
				CLANG_WARN_OBJC_IMPLICIT_RETAIN_SELF = YES;
				CLANG_WARN_OBJC_LITERAL_CONVERSION = YES;
				CLANG_WARN_OBJC_ROOT_CLASS = YES_ERROR;
				CLANG_WARN_RANGE_LOOP_ANALYSIS = YES;
				CLANG_WARN_STRICT_PROTOTYPES = YES;
				CLANG_WARN_SUSPICIOUS_MOVE = YES;
				CLANG_WARN_UNGUARDED_AVAILABILITY = YES_AGGRESSIVE;
				CLANG_WARN_UNREACHABLE_CODE = YES;
				CLANG_WARN__DUPLICATE_METHOD_MATCH = YES;
				COPY_PHASE_STRIP = NO;
				DEBUG_INFORMATION_FORMAT = "dwarf-with-dsym";
				ENABLE_NS_ASSERTIONS = NO;
				ENABLE_STRICT_OBJC_MSGSEND = YES;
				GCC_C_LANGUAGE_STANDARD = gnu11;
				GCC_NO_COMMON_BLOCKS = YES;
				GCC_WARN_64_TO_32_BIT_CONVERSION = YES;
				GCC_WARN_ABOUT_RETURN_TYPE = YES_ERROR;
				GCC_WARN_UNDECLARED_SELECTOR = YES;
				GCC_WARN_UNINITIALIZED_AUTOS = YES_AGGRESSIVE;
				GCC_WARN_UNUSED_FUNCTION = YES;
				GCC_WARN_UNUSED_VARIABLE = YES;
				IPHONEOS_DEPLOYMENT_TARGET = 13.1;
				MTL_ENABLE_DEBUG_INFO = NO;
				MTL_FAST_MATH = YES;
				SDKROOT = iphoneos;
				SWIFT_COMPILATION_MODE = wholemodule;
				SWIFT_OPTIMIZATION_LEVEL = "-O";
				VALIDATE_PRODUCT = YES;
			};
			name = Release;
		};
		CFA8BAA2239E687C002247EE /* Debug */ = {
			isa = XCBuildConfiguration;
			buildSettings = {
				ASSETCATALOG_COMPILER_APPICON_NAME = AppIcon;
				CODE_SIGN_STYLE = Automatic;
				DEVELOPMENT_TEAM = PA6B8R9S37;
				INFOPLIST_FILE = News/Info.plist;
				LD_RUNPATH_SEARCH_PATHS = (
					"$(inherited)",
					"@executable_path/Frameworks",
				);
				PRODUCT_BUNDLE_IDENTIFIER = com.demo.test.News;
				PRODUCT_NAME = "$(TARGET_NAME)";
				SWIFT_VERSION = 5.0;
				TARGETED_DEVICE_FAMILY = "1,2";
			};
			name = Debug;
		};
		CFA8BAA3239E687C002247EE /* Release */ = {
			isa = XCBuildConfiguration;
			buildSettings = {
				ASSETCATALOG_COMPILER_APPICON_NAME = AppIcon;
				CODE_SIGN_STYLE = Automatic;
				DEVELOPMENT_TEAM = PA6B8R9S37;
				INFOPLIST_FILE = News/Info.plist;
				LD_RUNPATH_SEARCH_PATHS = (
					"$(inherited)",
					"@executable_path/Frameworks",
				);
				PRODUCT_BUNDLE_IDENTIFIER = com.demo.test.News;
				PRODUCT_NAME = "$(TARGET_NAME)";
				SWIFT_VERSION = 5.0;
				TARGETED_DEVICE_FAMILY = "1,2";
			};
			name = Release;
		};
/* End XCBuildConfiguration section */

/* Begin XCConfigurationList section */
		CFA8BA88239E6879002247EE /* Build configuration list for PBXProject "News" */ = {
			isa = XCConfigurationList;
			buildConfigurations = (
				CFA8BA9F239E687C002247EE /* Debug */,
				CFA8BAA0239E687C002247EE /* Release */,
			);
			defaultConfigurationIsVisible = 0;
			defaultConfigurationName = Release;
		};
		CFA8BAA1239E687C002247EE /* Build configuration list for PBXNativeTarget "News" */ = {
			isa = XCConfigurationList;
			buildConfigurations = (
				CFA8BAA2239E687C002247EE /* Debug */,
				CFA8BAA3239E687C002247EE /* Release */,
			);
			defaultConfigurationIsVisible = 0;
			defaultConfigurationName = Release;
		};
/* End XCConfigurationList section */
	};
	rootObject = CFA8BA85239E6879002247EE /* Project object */;
}
